<?xml version="1.0" encoding="utf-8"?>
<Project ToolsVersion="4.0" xmlns="http://schemas.microsoft.com/developer/msbuild/2003">
  <ItemGroup>
    <Filter Include="源文件">
      <UniqueIdentifier>{4FC737F1-C7A5-4376-A066-2A32D752A2FF}</UniqueIdentifier>
      <Extensions>cpp;c;cc;cxx;def;odl;idl;hpj;bat;asm;asmx</Extensions>
    </Filter>
    <Filter Include="头文件">
      <UniqueIdentifier>{93995380-89BD-4b04-88EB-625FBE52EBFB}</UniqueIdentifier>
      <Extensions>h;hh;hpp;hxx;hm;inl;inc;xsd</Extensions>
    </Filter>
  </ItemGroup>
  <ItemGroup>
    <ClInclude Include="stdafx.h">
      <Filter>头文件</Filter>
    </ClInclude>
    <ClInclude Include="targetver.h">
      <Filter>头文件</Filter>
    </ClInclude>
    <ClInclude Include="sds.h">
      <Filter>源文件</Filter>
    </ClInclude>
    <ClInclude Include="D:\用户目录\下载\htmlgumbo-parser-master\gumbo-parser-master\src\strings.h">
      <Filter>源文件</Filter>
    </ClInclude>
  </ItemGroup>
  <ItemGroup>
    <ClCompile Include="stdafx.cpp">
      <Filter>源文件</Filter>
    </ClCompile>
    <ClCompile Include="STHTMLPP.cpp">
      <Filter>源文件</Filter>
    </ClCompile>
    <ClCompile Include="sds.c">
      <Filter>源文件</Filter>
    </ClCompile>
    <ClCompile Include="D:\用户目录\下载\htmlgumbo-parser-master\gumbo-parser-master\src\attribute.c">
      <Filter>源文件</Filter>
    </ClCompile>
    <ClCompile Include="D:\用户目录\下载\htmlgumbo-parser-master\gumbo-parser-master\src\char_ref.c">
      <Filter>源文件</Filter>
    </ClCompile>
    <ClCompile Include="D:\用户目录\下载\htmlgumbo-parser-master\gumbo-parser-master\src\error.c">
      <Filter>源文件</Filter>
    </ClCompile>
    <ClCompile Include="D:\用户目录\下载\htmlgumbo-parser-master\gumbo-parser-master\src\parser.c">
      <Filter>源文件</Filter>
    </ClCompile>
    <ClCompile Include="D:\用户目录\下载\htmlgumbo-parser-master\gumbo-parser-master\src\string_buffer.c">
      <Filter>源文件</Filter>
    </ClCompile>
    <ClCompile Include="D:\用户目录\下载\htmlgumbo-parser-master\gumbo-parser-master\src\string_piece.c">
      <Filter>源文件</Filter>
    </ClCompile>
    <ClCompile Include="D:\用户目录\下载\htmlgumbo-parser-master\gumbo-parser-master\src\tag.c">
      <Filter>源文件</Filter>
    </ClCompile>
    <ClCompile Include="D:\用户目录\下载\htmlgumbo-parser-master\gumbo-parser-master\src\tokenizer.c">
      <Filter>源文件</Filter>
    </ClCompile>
    <ClCompile Include="D:\用户目录\下载\htmlgumbo-parser-master\gumbo-parser-master\src\utf8.c">
      <Filter>源文件</Filter>
    </ClCompile>
    <ClCompile Include="D:\用户目录\下载\htmlgumbo-parser-master\gumbo-parser-master\src\util.c">
      <Filter>源文件</Filter>
    </ClCompile>
    <ClCompile Include="D:\用户目录\下载\htmlgumbo-parser-master\gumbo-parser-master\src\vector.c">
      <Filter>源文件</Filter>
    </ClCompile>
  </ItemGroup>
</Project>